
Microsoft Visual Studio Solution File, Format Version 12.00
# Visual Studio Version 17
VisualStudioVersion = 17.11.35222.181
MinimumVisualStudioVersion = 10.0.40219.1
Project("{9A19103F-16F7-4668-BE54-9A1E7A4F7556}") = "BackendTp", "BackendTp\BackendTp.csproj", "{A3B11A3E-AD18-4071-BDF4-2E5342069466}"
EndProject
Project("{FAE04EC0-301F-11D3-BF4B-00C04F79EFBC}") = "WebApplicationTPProgII", "WebApplicationTPProgII\WebApplicationTPProgII.csproj", "{10CE767B-B20C-40F8-B0DB-43598A58C757}"
EndProject
Global
	GlobalSection(SolutionConfigurationPlatforms) = preSolution
		Debug|Any CPU = Debug|Any CPU
		Release|Any CPU = Release|Any CPU
	EndGlobalSection
	GlobalSection(ProjectConfigurationPlatforms) = postSolution
		{A3B11A3E-AD18-4071-BDF4-2E5342069466}.Debug|Any CPU.ActiveCfg = Debug|Any CPU
		{A3B11A3E-AD18-4071-BDF4-2E5342069466}.Debug|Any CPU.Build.0 = Debug|Any CPU
		{A3B11A3E-AD18-4071-BDF4-2E5342069466}.Release|Any CPU.ActiveCfg = Release|Any CPU
		{A3B11A3E-AD18-4071-BDF4-2E5342069466}.Release|Any CPU.Build.0 = Release|Any CPU
		{10CE767B-B20C-40F8-B0DB-43598A58C757}.Debug|Any CPU.ActiveCfg = Debug|Any CPU
		{10CE767B-B20C-40F8-B0DB-43598A58C757}.Debug|Any CPU.Build.0 = Debug|Any CPU
		{10CE767B-B20C-40F8-B0DB-43598A58C757}.Release|Any CPU.ActiveCfg = Release|Any CPU
		{10CE767B-B20C-40F8-B0DB-43598A58C757}.Release|Any CPU.Build.0 = Release|Any CPU
	EndGlobalSection
	GlobalSection(SolutionProperties) = preSolution
		HideSolutionNode = FALSE
	EndGlobalSection
	GlobalSection(ExtensibilityGlobals) = postSolution
		SolutionGuid = {C8455B7A-685B-42A6-905A-21B162074FC8}
	EndGlobalSection
EndGlobal
